---
# The mqtt switch platform lets you control your MQTT enabled switches.
#
# https://www.home-assistant.io/components/switch.mqtt/
#
platform: mqtt
name: "Erebus Lock"
icon: mdi:lock
state_topic: "computer/erebus/power/lock/status"
command_topic: "computer/erebus/power/lock"
payload_on: "1"
payload_off: "0"
