---
id: lock_front_door_re-lock_after_unlock
alias: "[Lock] Front Door Re-lock after Unlock"

trigger:
  platform: state
  entity_id: lock.lock_front
  to: "unlocked"
  for:
    minutes: 2

condition:
  - condition: time
    after: "21:00:00"
    before: "08:00:00"
  - condition: state
    entity_id: binary_sensor.front_door_is_open
    state: 'off'

action:
  service: lock.lock
  entity_id: lock.lock_front
